
Microsoft Visual Studio Solution File, Format Version 12.00
# Visual Studio Version 17
VisualStudioVersion = 17.4.33403.182
MinimumVisualStudioVersion = 10.0.40219.1
Project("{FAE04EC0-301F-11D3-BF4B-00C04F79EFBC}") = "YouTubeTest", "YouTubeTest\YouTubeTest.csproj", "{26D1B76D-CDFA-4877-A1BB-13B31C9044AE}"
EndProject
Global
	GlobalSection(SolutionConfigurationPlatforms) = preSolution
		Debug|Any CPU = Debug|Any CPU
		Release|Any CPU = Release|Any CPU
	EndGlobalSection
	GlobalSection(ProjectConfigurationPlatforms) = postSolution
		{26D1B76D-CDFA-4877-A1BB-13B31C9044AE}.Debug|Any CPU.ActiveCfg = Debug|Any CPU
		{26D1B76D-CDFA-4877-A1BB-13B31C9044AE}.Debug|Any CPU.Build.0 = Debug|Any CPU
		{26D1B76D-CDFA-4877-A1BB-13B31C9044AE}.Release|Any CPU.ActiveCfg = Release|Any CPU
		{26D1B76D-CDFA-4877-A1BB-13B31C9044AE}.Release|Any CPU.Build.0 = Release|Any CPU
	EndGlobalSection
	GlobalSection(SolutionProperties) = preSolution
		HideSolutionNode = FALSE
	EndGlobalSection
	GlobalSection(ExtensibilityGlobals) = postSolution
		SolutionGuid = {EF8F6EA5-AE66-4994-BE6F-2CE8CD8B27FF}
	EndGlobalSection
EndGlobal
